// !$*UTF8*$!
{
	archiveVersion = 1;
	classes = {
	};
	objectVersion = 56;
	objects = {

/* Begin PBXBuildFile section */
		AF38E3AD28FBFBDB0089795D /* ProductDataServiceProtocol.swift in Sources */ = {isa = PBXBuildFile; fileRef = AF38E3AC28FBFBDB0089795D /* ProductDataServiceProtocol.swift */; };
		AF38E3AF28FBFBF10089795D /* ProductMockDataService.swift in Sources */ = {isa = PBXBuildFile; fileRef = AF38E3AE28FBFBF10089795D /* ProductMockDataService.swift */; };
		AF38E3B128FC06430089795D /* ProductMockDataService_Tests.swift in Sources */ = {isa = PBXBuildFile; fileRef = AF38E3B028FC06430089795D /* ProductMockDataService_Tests.swift */; };
		AF38E3B828FC0F3C0089795D /* CartView.swift in Sources */ = {isa = PBXBuildFile; fileRef = AF38E3B728FC0F3C0089795D /* CartView.swift */; };
		AF38E3BA28FC15A00089795D /* SectionTitleModifier.swift in Sources */ = {isa = PBXBuildFile; fileRef = AF38E3B928FC15A00089795D /* SectionTitleModifier.swift */; };
		AF38E3BC28FC199F0089795D /* CartCellView.swift in Sources */ = {isa = PBXBuildFile; fileRef = AF38E3BB28FC199F0089795D /* CartCellView.swift */; };
		AF38E3BE28FC517F0089795D /* CartViewModel.swift in Sources */ = {isa = PBXBuildFile; fileRef = AF38E3BD28FC517F0089795D /* CartViewModel.swift */; };
		AF38E3C028FD338B0089795D /* PaymentStatus.swift in Sources */ = {isa = PBXBuildFile; fileRef = AF38E3BF28FD338B0089795D /* PaymentStatus.swift */; };
		AF38E3C828FD445A0089795D /* BowlShopSwiftUI_UITests.swift in Sources */ = {isa = PBXBuildFile; fileRef = AF38E3C728FD445A0089795D /* BowlShopSwiftUI_UITests.swift */; };
		AF38E3CA28FD445A0089795D /* BowlShopSwiftUI_UITestsLaunchTests.swift in Sources */ = {isa = PBXBuildFile; fileRef = AF38E3C928FD445A0089795D /* BowlShopSwiftUI_UITestsLaunchTests.swift */; };
		AF38E3D128FD4B5C0089795D /* CartView_UITests.swift in Sources */ = {isa = PBXBuildFile; fileRef = AF38E3D028FD4B5C0089795D /* CartView_UITests.swift */; };
		AF3E36BD28F48158000AE6A8 /* ProductDetailViewOldStyle.swift in Sources */ = {isa = PBXBuildFile; fileRef = AF3E36BC28F48158000AE6A8 /* ProductDetailViewOldStyle.swift */; };
		AF3E36C028F53398000AE6A8 /* PositiveButtonStyle.swift in Sources */ = {isa = PBXBuildFile; fileRef = AF3E36BF28F53398000AE6A8 /* PositiveButtonStyle.swift */; };
		AF3E36C228F533E7000AE6A8 /* PositiveButtonModifier.swift in Sources */ = {isa = PBXBuildFile; fileRef = AF3E36C128F533E7000AE6A8 /* PositiveButtonModifier.swift */; };
		AF3E36C428F534BA000AE6A8 /* View.swift in Sources */ = {isa = PBXBuildFile; fileRef = AF3E36C328F534BA000AE6A8 /* View.swift */; };
		AF3E36C628F6AA65000AE6A8 /* ProductDetailView.swift in Sources */ = {isa = PBXBuildFile; fileRef = AF3E36C528F6AA65000AE6A8 /* ProductDetailView.swift */; };
		AF448FC928F457340012FE3E /* FoodIngredient.swift in Sources */ = {isa = PBXBuildFile; fileRef = AF448FC828F457340012FE3E /* FoodIngredient.swift */; };
		AF48CA0D290BE53000491ADE /* LoginView.swift in Sources */ = {isa = PBXBuildFile; fileRef = AF48CA0C290BE53000491ADE /* LoginView.swift */; };
		AF48CA0F290D190900491ADE /* LoginViewModel.swift in Sources */ = {isa = PBXBuildFile; fileRef = AF48CA0E290D190900491ADE /* LoginViewModel.swift */; };
		AF48CA10290D50B900491ADE /* Assets.xcassets in Resources */ = {isa = PBXBuildFile; fileRef = AF89987E28E8A74D00FE3795 /* Assets.xcassets */; };
		AF48CA12290DA00600491ADE /* SearchBarView.swift in Sources */ = {isa = PBXBuildFile; fileRef = AF48CA11290DA00600491ADE /* SearchBarView.swift */; };
		AF48CA13290DA00600491ADE /* SearchBarView.swift in Sources */ = {isa = PBXBuildFile; fileRef = AF48CA11290DA00600491ADE /* SearchBarView.swift */; };
		AF48CA15290DA16300491ADE /* UIApplication.swift in Sources */ = {isa = PBXBuildFile; fileRef = AF48CA14290DA16300491ADE /* UIApplication.swift */; };
		AF53CB1A2909A7D500623763 /* EditProductView.swift in Sources */ = {isa = PBXBuildFile; fileRef = AF53CB192909A7D500623763 /* EditProductView.swift */; };
		AF53CB1D290A51FF00623763 /* NetworkManager.swift in Sources */ = {isa = PBXBuildFile; fileRef = AF53CB1C290A51FF00623763 /* NetworkManager.swift */; };
		AF53CB1E290A51FF00623763 /* NetworkManager.swift in Sources */ = {isa = PBXBuildFile; fileRef = AF53CB1C290A51FF00623763 /* NetworkManager.swift */; };
		AF53CB22290A536C00623763 /* OnlineOrderService.swift in Sources */ = {isa = PBXBuildFile; fileRef = AF53CB21290A536C00623763 /* OnlineOrderService.swift */; };
		AF53CB23290A536C00623763 /* OnlineOrderService.swift in Sources */ = {isa = PBXBuildFile; fileRef = AF53CB21290A536C00623763 /* OnlineOrderService.swift */; };
		AF53CB25290A544C00623763 /* OnlineOrderServiceProtocol.swift in Sources */ = {isa = PBXBuildFile; fileRef = AF53CB24290A544C00623763 /* OnlineOrderServiceProtocol.swift */; };
		AF53CB26290A544C00623763 /* OnlineOrderServiceProtocol.swift in Sources */ = {isa = PBXBuildFile; fileRef = AF53CB24290A544C00623763 /* OnlineOrderServiceProtocol.swift */; };
		AF53CB2F290A5B8F00623763 /* MockOnlineOrderService.swift in Sources */ = {isa = PBXBuildFile; fileRef = AF53CB2E290A5B8F00623763 /* MockOnlineOrderService.swift */; };
		AF53CB30290A5B8F00623763 /* MockOnlineOrderService.swift in Sources */ = {isa = PBXBuildFile; fileRef = AF53CB2E290A5B8F00623763 /* MockOnlineOrderService.swift */; };
		AF53CB33290A743D00623763 /* RestaurantOrderServiceProtocol.swift in Sources */ = {isa = PBXBuildFile; fileRef = AF53CB32290A743D00623763 /* RestaurantOrderServiceProtocol.swift */; };
		AF53CB34290A743D00623763 /* RestaurantOrderServiceProtocol.swift in Sources */ = {isa = PBXBuildFile; fileRef = AF53CB32290A743D00623763 /* RestaurantOrderServiceProtocol.swift */; };
		AF53CB36290A746900623763 /* MockRestaurantOrderService.swift in Sources */ = {isa = PBXBuildFile; fileRef = AF53CB35290A746900623763 /* MockRestaurantOrderService.swift */; };
		AF53CB37290A746900623763 /* MockRestaurantOrderService.swift in Sources */ = {isa = PBXBuildFile; fileRef = AF53CB35290A746900623763 /* MockRestaurantOrderService.swift */; };
		AF6AE8E229091051001D1947 /* AdminSwiftUI_MacApp.swift in Sources */ = {isa = PBXBuildFile; fileRef = AF6AE8E129091051001D1947 /* AdminSwiftUI_MacApp.swift */; };
		AF6AE8E629091052001D1947 /* Assets.xcassets in Resources */ = {isa = PBXBuildFile; fileRef = AF6AE8E529091052001D1947 /* Assets.xcassets */; };
		AF6AE8E929091052001D1947 /* Preview Assets.xcassets in Resources */ = {isa = PBXBuildFile; fileRef = AF6AE8E829091052001D1947 /* Preview Assets.xcassets */; };
		AF6AE8F4290910A6001D1947 /* HomeView.swift in Sources */ = {isa = PBXBuildFile; fileRef = AF6AE8F3290910A6001D1947 /* HomeView.swift */; };
		AF6AE8F629091444001D1947 /* SideMenuView.swift in Sources */ = {isa = PBXBuildFile; fileRef = AF6AE8F529091444001D1947 /* SideMenuView.swift */; };
		AF6AE8F9290915B4001D1947 /* SideBarMenu.swift in Sources */ = {isa = PBXBuildFile; fileRef = AF6AE8F8290915B4001D1947 /* SideBarMenu.swift */; };
		AF6AE8FB29091B61001D1947 /* ProductModel.swift in Sources */ = {isa = PBXBuildFile; fileRef = AF6AE8FA29091B61001D1947 /* ProductModel.swift */; };
		AF6AE8FC29091B61001D1947 /* ProductModel.swift in Sources */ = {isa = PBXBuildFile; fileRef = AF6AE8FA29091B61001D1947 /* ProductModel.swift */; };
		AF6AE8FD29091D08001D1947 /* FoodIngredient.swift in Sources */ = {isa = PBXBuildFile; fileRef = AF448FC828F457340012FE3E /* FoodIngredient.swift */; };
		AF6AE8FF2909389D001D1947 /* OrderProtocol.swift in Sources */ = {isa = PBXBuildFile; fileRef = AF6AE8FE2909389D001D1947 /* OrderProtocol.swift */; };
		AF6AE9002909389D001D1947 /* OrderProtocol.swift in Sources */ = {isa = PBXBuildFile; fileRef = AF6AE8FE2909389D001D1947 /* OrderProtocol.swift */; };
		AF6AE90229093987001D1947 /* DeliveryStatus.swift in Sources */ = {isa = PBXBuildFile; fileRef = AF6AE90129093987001D1947 /* DeliveryStatus.swift */; };
		AF6AE90329093987001D1947 /* DeliveryStatus.swift in Sources */ = {isa = PBXBuildFile; fileRef = AF6AE90129093987001D1947 /* DeliveryStatus.swift */; };
		AF6AE90629093F35001D1947 /* OnlineOrderModel.swift in Sources */ = {isa = PBXBuildFile; fileRef = AF6AE90529093F35001D1947 /* OnlineOrderModel.swift */; };
		AF6AE90729093F35001D1947 /* OnlineOrderModel.swift in Sources */ = {isa = PBXBuildFile; fileRef = AF6AE90529093F35001D1947 /* OnlineOrderModel.swift */; };
		AF6AE90929093F4C001D1947 /* RestaurantOrderModel.swift in Sources */ = {isa = PBXBuildFile; fileRef = AF6AE90829093F4C001D1947 /* RestaurantOrderModel.swift */; };
		AF6AE90A29093F4C001D1947 /* RestaurantOrderModel.swift in Sources */ = {isa = PBXBuildFile; fileRef = AF6AE90829093F4C001D1947 /* RestaurantOrderModel.swift */; };
		AF6AE90D290942F4001D1947 /* UserModel.swift in Sources */ = {isa = PBXBuildFile; fileRef = AF6AE90C290942F4001D1947 /* UserModel.swift */; };
		AF6AE90E290942F4001D1947 /* UserModel.swift in Sources */ = {isa = PBXBuildFile; fileRef = AF6AE90C290942F4001D1947 /* UserModel.swift */; };
		AF6AE91029094305001D1947 /* UserAddressModel.swift in Sources */ = {isa = PBXBuildFile; fileRef = AF6AE90F29094305001D1947 /* UserAddressModel.swift */; };
		AF6AE91129094305001D1947 /* UserAddressModel.swift in Sources */ = {isa = PBXBuildFile; fileRef = AF6AE90F29094305001D1947 /* UserAddressModel.swift */; };
		AF84B99628FDD64F00851428 /* schemaCountry.json in Resources */ = {isa = PBXBuildFile; fileRef = AF84B99528FDD64F00851428 /* schemaCountry.json */; };
		AF84B99D28FDDAF900851428 /* queriesCountry.graphql in Resources */ = {isa = PBXBuildFile; fileRef = AF84B99C28FDDAF900851428 /* queriesCountry.graphql */; };
		AF89987B28E8A74C00FE3795 /* BowlShopSwiftUIApp.swift in Sources */ = {isa = PBXBuildFile; fileRef = AF89987A28E8A74C00FE3795 /* BowlShopSwiftUIApp.swift */; };
		AF89987F28E8A74D00FE3795 /* Assets.xcassets in Resources */ = {isa = PBXBuildFile; fileRef = AF89987E28E8A74D00FE3795 /* Assets.xcassets */; };
		AF89988228E8A74D00FE3795 /* Preview Assets.xcassets in Resources */ = {isa = PBXBuildFile; fileRef = AF89988128E8A74D00FE3795 /* Preview Assets.xcassets */; };
		AFBF9B8D28FAAE1A003A0E7F /* BowlShopSwiftUI_Tests.swift in Sources */ = {isa = PBXBuildFile; fileRef = AFBF9B8C28FAAE1A003A0E7F /* BowlShopSwiftUI_Tests.swift */; };
		AFBF9B9428FAAE61003A0E7F /* ProductDetailViewModel.swift in Sources */ = {isa = PBXBuildFile; fileRef = AFBF9B9328FAAE61003A0E7F /* ProductDetailViewModel.swift */; };
		AFBF9B9628FAAF37003A0E7F /* ProductDetailViewModel_Tests.swift in Sources */ = {isa = PBXBuildFile; fileRef = AFBF9B9528FAAF37003A0E7F /* ProductDetailViewModel_Tests.swift */; };
		AFC3F95E28F7494E00C36449 /* video2.mp4 in Resources */ = {isa = PBXBuildFile; fileRef = AFC3F95C28F7494E00C36449 /* video2.mp4 */; };
		AFC3F95F28F7494E00C36449 /* video1.mp4 in Resources */ = {isa = PBXBuildFile; fileRef = AFC3F95D28F7494E00C36449 /* video1.mp4 */; };
/* End PBXBuildFile section */

/* Begin PBXContainerItemProxy section */
		AF38E3CB28FD445A0089795D /* PBXContainerItemProxy */ = {
			isa = PBXContainerItemProxy;
			containerPortal = AF89986F28E8A74C00FE3795 /* Project object */;
			proxyType = 1;
			remoteGlobalIDString = AF89987628E8A74C00FE3795;
			remoteInfo = BowlShopSwiftUI;
		};
		AFBF9B8E28FAAE1A003A0E7F /* PBXContainerItemProxy */ = {
			isa = PBXContainerItemProxy;
			containerPortal = AF89986F28E8A74C00FE3795 /* Project object */;
			proxyType = 1;
			remoteGlobalIDString = AF89987628E8A74C00FE3795;
			remoteInfo = BowlShopSwiftUI;
		};
/* End PBXContainerItemProxy section */

/* Begin PBXFileReference section */
		AF38E3AC28FBFBDB0089795D /* ProductDataServiceProtocol.swift */ = {isa = PBXFileReference; lastKnownFileType = sourcecode.swift; path = ProductDataServiceProtocol.swift; sourceTree = "<group>"; };
		AF38E3AE28FBFBF10089795D /* ProductMockDataService.swift */ = {isa = PBXFileReference; lastKnownFileType = sourcecode.swift; path = ProductMockDataService.swift; sourceTree = "<group>"; };
		AF38E3B028FC06430089795D /* ProductMockDataService_Tests.swift */ = {isa = PBXFileReference; lastKnownFileType = sourcecode.swift; path = ProductMockDataService_Tests.swift; sourceTree = "<group>"; };
		AF38E3B728FC0F3C0089795D /* CartView.swift */ = {isa = PBXFileReference; lastKnownFileType = sourcecode.swift; path = CartView.swift; sourceTree = "<group>"; };
		AF38E3B928FC15A00089795D /* SectionTitleModifier.swift */ = {isa = PBXFileReference; lastKnownFileType = sourcecode.swift; path = SectionTitleModifier.swift; sourceTree = "<group>"; };
		AF38E3BB28FC199F0089795D /* CartCellView.swift */ = {isa = PBXFileReference; lastKnownFileType = sourcecode.swift; path = CartCellView.swift; sourceTree = "<group>"; };
		AF38E3BD28FC517F0089795D /* CartViewModel.swift */ = {isa = PBXFileReference; lastKnownFileType = sourcecode.swift; path = CartViewModel.swift; sourceTree = "<group>"; };
		AF38E3BF28FD338B0089795D /* PaymentStatus.swift */ = {isa = PBXFileReference; lastKnownFileType = sourcecode.swift; path = PaymentStatus.swift; sourceTree = "<group>"; };
		AF38E3C528FD445A0089795D /* BowlShopSwiftUI_UITests.xctest */ = {isa = PBXFileReference; explicitFileType = wrapper.cfbundle; includeInIndex = 0; path = BowlShopSwiftUI_UITests.xctest; sourceTree = BUILT_PRODUCTS_DIR; };
		AF38E3C728FD445A0089795D /* BowlShopSwiftUI_UITests.swift */ = {isa = PBXFileReference; lastKnownFileType = sourcecode.swift; path = BowlShopSwiftUI_UITests.swift; sourceTree = "<group>"; };
		AF38E3C928FD445A0089795D /* BowlShopSwiftUI_UITestsLaunchTests.swift */ = {isa = PBXFileReference; lastKnownFileType = sourcecode.swift; path = BowlShopSwiftUI_UITestsLaunchTests.swift; sourceTree = "<group>"; };
		AF38E3D028FD4B5C0089795D /* CartView_UITests.swift */ = {isa = PBXFileReference; lastKnownFileType = sourcecode.swift; path = CartView_UITests.swift; sourceTree = "<group>"; };
		AF3E36BC28F48158000AE6A8 /* ProductDetailViewOldStyle.swift */ = {isa = PBXFileReference; lastKnownFileType = sourcecode.swift; path = ProductDetailViewOldStyle.swift; sourceTree = "<group>"; };
		AF3E36BF28F53398000AE6A8 /* PositiveButtonStyle.swift */ = {isa = PBXFileReference; lastKnownFileType = sourcecode.swift; path = PositiveButtonStyle.swift; sourceTree = "<group>"; };
		AF3E36C128F533E7000AE6A8 /* PositiveButtonModifier.swift */ = {isa = PBXFileReference; lastKnownFileType = sourcecode.swift; path = PositiveButtonModifier.swift; sourceTree = "<group>"; };
		AF3E36C328F534BA000AE6A8 /* View.swift */ = {isa = PBXFileReference; lastKnownFileType = sourcecode.swift; path = View.swift; sourceTree = "<group>"; };
		AF3E36C528F6AA65000AE6A8 /* ProductDetailView.swift */ = {isa = PBXFileReference; lastKnownFileType = sourcecode.swift; path = ProductDetailView.swift; sourceTree = "<group>"; };
		AF448FC828F457340012FE3E /* FoodIngredient.swift */ = {isa = PBXFileReference; lastKnownFileType = sourcecode.swift; path = FoodIngredient.swift; sourceTree = "<group>"; };
		AF48CA0C290BE53000491ADE /* LoginView.swift */ = {isa = PBXFileReference; lastKnownFileType = sourcecode.swift; path = LoginView.swift; sourceTree = "<group>"; };
		AF48CA0E290D190900491ADE /* LoginViewModel.swift */ = {isa = PBXFileReference; lastKnownFileType = sourcecode.swift; path = LoginViewModel.swift; sourceTree = "<group>"; };
		AF48CA11290DA00600491ADE /* SearchBarView.swift */ = {isa = PBXFileReference; lastKnownFileType = sourcecode.swift; path = SearchBarView.swift; sourceTree = "<group>"; };
		AF48CA14290DA16300491ADE /* UIApplication.swift */ = {isa = PBXFileReference; lastKnownFileType = sourcecode.swift; path = UIApplication.swift; sourceTree = "<group>"; };
		AF53CB192909A7D500623763 /* EditProductView.swift */ = {isa = PBXFileReference; lastKnownFileType = sourcecode.swift; path = EditProductView.swift; sourceTree = "<group>"; };
		AF53CB1C290A51FF00623763 /* NetworkManager.swift */ = {isa = PBXFileReference; lastKnownFileType = sourcecode.swift; path = NetworkManager.swift; sourceTree = "<group>"; };
		AF53CB21290A536C00623763 /* OnlineOrderService.swift */ = {isa = PBXFileReference; lastKnownFileType = sourcecode.swift; path = OnlineOrderService.swift; sourceTree = "<group>"; };
		AF53CB24290A544C00623763 /* OnlineOrderServiceProtocol.swift */ = {isa = PBXFileReference; lastKnownFileType = sourcecode.swift; path = OnlineOrderServiceProtocol.swift; sourceTree = "<group>"; };
		AF53CB2E290A5B8F00623763 /* MockOnlineOrderService.swift */ = {isa = PBXFileReference; lastKnownFileType = sourcecode.swift; path = MockOnlineOrderService.swift; sourceTree = "<group>"; };
		AF53CB32290A743D00623763 /* RestaurantOrderServiceProtocol.swift */ = {isa = PBXFileReference; lastKnownFileType = sourcecode.swift; path = RestaurantOrderServiceProtocol.swift; sourceTree = "<group>"; };
		AF53CB35290A746900623763 /* MockRestaurantOrderService.swift */ = {isa = PBXFileReference; lastKnownFileType = sourcecode.swift; path = MockRestaurantOrderService.swift; sourceTree = "<group>"; };
		AF6AE8DF29091051001D1947 /* AdminSwiftUI_Mac.app */ = {isa = PBXFileReference; explicitFileType = wrapper.application; includeInIndex = 0; path = AdminSwiftUI_Mac.app; sourceTree = BUILT_PRODUCTS_DIR; };
		AF6AE8E129091051001D1947 /* AdminSwiftUI_MacApp.swift */ = {isa = PBXFileReference; lastKnownFileType = sourcecode.swift; path = AdminSwiftUI_MacApp.swift; sourceTree = "<group>"; };
		AF6AE8E529091052001D1947 /* Assets.xcassets */ = {isa = PBXFileReference; lastKnownFileType = folder.assetcatalog; path = Assets.xcassets; sourceTree = "<group>"; };
		AF6AE8E829091052001D1947 /* Preview Assets.xcassets */ = {isa = PBXFileReference; lastKnownFileType = folder.assetcatalog; path = "Preview Assets.xcassets"; sourceTree = "<group>"; };
		AF6AE8EA29091052001D1947 /* AdminSwiftUI_Mac.entitlements */ = {isa = PBXFileReference; lastKnownFileType = text.plist.entitlements; path = AdminSwiftUI_Mac.entitlements; sourceTree = "<group>"; };
		AF6AE8F3290910A6001D1947 /* HomeView.swift */ = {isa = PBXFileReference; lastKnownFileType = sourcecode.swift; path = HomeView.swift; sourceTree = "<group>"; };
		AF6AE8F529091444001D1947 /* SideMenuView.swift */ = {isa = PBXFileReference; lastKnownFileType = sourcecode.swift; path = SideMenuView.swift; sourceTree = "<group>"; };
		AF6AE8F8290915B4001D1947 /* SideBarMenu.swift */ = {isa = PBXFileReference; lastKnownFileType = sourcecode.swift; path = SideBarMenu.swift; sourceTree = "<group>"; };
		AF6AE8FA29091B61001D1947 /* ProductModel.swift */ = {isa = PBXFileReference; lastKnownFileType = sourcecode.swift; path = ProductModel.swift; sourceTree = "<group>"; };
		AF6AE8FE2909389D001D1947 /* OrderProtocol.swift */ = {isa = PBXFileReference; lastKnownFileType = sourcecode.swift; path = OrderProtocol.swift; sourceTree = "<group>"; };
		AF6AE90129093987001D1947 /* DeliveryStatus.swift */ = {isa = PBXFileReference; lastKnownFileType = sourcecode.swift; path = DeliveryStatus.swift; sourceTree = "<group>"; };
		AF6AE90529093F35001D1947 /* OnlineOrderModel.swift */ = {isa = PBXFileReference; lastKnownFileType = sourcecode.swift; path = OnlineOrderModel.swift; sourceTree = "<group>"; };
		AF6AE90829093F4C001D1947 /* RestaurantOrderModel.swift */ = {isa = PBXFileReference; lastKnownFileType = sourcecode.swift; path = RestaurantOrderModel.swift; sourceTree = "<group>"; };
		AF6AE90C290942F4001D1947 /* UserModel.swift */ = {isa = PBXFileReference; lastKnownFileType = sourcecode.swift; path = UserModel.swift; sourceTree = "<group>"; };
		AF6AE90F29094305001D1947 /* UserAddressModel.swift */ = {isa = PBXFileReference; lastKnownFileType = sourcecode.swift; path = UserAddressModel.swift; sourceTree = "<group>"; };
		AF84B99528FDD64F00851428 /* schemaCountry.json */ = {isa = PBXFileReference; fileEncoding = 4; lastKnownFileType = text.json; path = schemaCountry.json; sourceTree = "<group>"; };
		AF84B99C28FDDAF900851428 /* queriesCountry.graphql */ = {isa = PBXFileReference; lastKnownFileType = text; path = queriesCountry.graphql; sourceTree = "<group>"; };
		AF89987728E8A74C00FE3795 /* BowlShopSwiftUI.app */ = {isa = PBXFileReference; explicitFileType = wrapper.application; includeInIndex = 0; path = BowlShopSwiftUI.app; sourceTree = BUILT_PRODUCTS_DIR; };
		AF89987A28E8A74C00FE3795 /* BowlShopSwiftUIApp.swift */ = {isa = PBXFileReference; lastKnownFileType = sourcecode.swift; path = BowlShopSwiftUIApp.swift; sourceTree = "<group>"; };
		AF89987E28E8A74D00FE3795 /* Assets.xcassets */ = {isa = PBXFileReference; lastKnownFileType = folder.assetcatalog; path = Assets.xcassets; sourceTree = "<group>"; };
		AF89988128E8A74D00FE3795 /* Preview Assets.xcassets */ = {isa = PBXFileReference; lastKnownFileType = folder.assetcatalog; path = "Preview Assets.xcassets"; sourceTree = "<group>"; };
		AFBF9B8A28FAAE1A003A0E7F /* BowlShopSwiftUI_Tests.xctest */ = {isa = PBXFileReference; explicitFileType = wrapper.cfbundle; includeInIndex = 0; path = BowlShopSwiftUI_Tests.xctest; sourceTree = BUILT_PRODUCTS_DIR; };
		AFBF9B8C28FAAE1A003A0E7F /* BowlShopSwiftUI_Tests.swift */ = {isa = PBXFileReference; lastKnownFileType = sourcecode.swift; path = BowlShopSwiftUI_Tests.swift; sourceTree = "<group>"; };
		AFBF9B9328FAAE61003A0E7F /* ProductDetailViewModel.swift */ = {isa = PBXFileReference; lastKnownFileType = sourcecode.swift; path = ProductDetailViewModel.swift; sourceTree = "<group>"; };
		AFBF9B9528FAAF37003A0E7F /* ProductDetailViewModel_Tests.swift */ = {isa = PBXFileReference; lastKnownFileType = sourcecode.swift; path = ProductDetailViewModel_Tests.swift; sourceTree = "<group>"; };
		AFC3F95C28F7494E00C36449 /* video2.mp4 */ = {isa = PBXFileReference; lastKnownFileType = file; path = video2.mp4; sourceTree = "<group>"; };
		AFC3F95D28F7494E00C36449 /* video1.mp4 */ = {isa = PBXFileReference; lastKnownFileType = file; path = video1.mp4; sourceTree = "<group>"; };
/* End PBXFileReference section */

/* Begin PBXFrameworksBuildPhase section */
		AF38E3C228FD445A0089795D /* Frameworks */ = {
			isa = PBXFrameworksBuildPhase;
			buildActionMask = 2147483647;
			files = (
			);
			runOnlyForDeploymentPostprocessing = 0;
		};
		AF6AE8DC29091051001D1947 /* Frameworks */ = {
			isa = PBXFrameworksBuildPhase;
			buildActionMask = 2147483647;
			files = (
			);
			runOnlyForDeploymentPostprocessing = 0;
		};
		AF89987428E8A74C00FE3795 /* Frameworks */ = {
			isa = PBXFrameworksBuildPhase;
			buildActionMask = 2147483647;
			files = (
			);
			runOnlyForDeploymentPostprocessing = 0;
		};
		AFBF9B8728FAAE1A003A0E7F /* Frameworks */ = {
			isa = PBXFrameworksBuildPhase;
			buildActionMask = 2147483647;
			files = (
			);
			runOnlyForDeploymentPostprocessing = 0;
		};
/* End PBXFrameworksBuildPhase section */

/* Begin PBXGroup section */
		AF289BEC28F81D24003D58A3 /* Utils */ = {
			isa = PBXGroup;
			children = (
			);
			path = Utils;
			sourceTree = "<group>";
		};
		AF38E3AB28FBFBBA0089795D /* Services */ = {
			isa = PBXGroup;
			children = (
				AF53CB31290A742700623763 /* RestaurantOrder */,
				AF53CB20290A534A00623763 /* OnlineOrder */,
				AF53CB1F290A533D00623763 /* Product */,
				AF84B99428FDD64200851428 /* GraphQL */,
			);
			path = Services;
			sourceTree = "<group>";
		};
		AF38E3B228FC0EFF0089795D /* Cart */ = {
			isa = PBXGroup;
			children = (
				AF38E3B428FC0F130089795D /* ViewModel */,
				AF38E3B328FC0F0D0089795D /* View */,
			);
			path = Cart;
			sourceTree = "<group>";
		};
		AF38E3B328FC0F0D0089795D /* View */ = {
			isa = PBXGroup;
			children = (
				AF38E3B728FC0F3C0089795D /* CartView.swift */,
				AF38E3BB28FC199F0089795D /* CartCellView.swift */,
			);
			path = View;
			sourceTree = "<group>";
		};
		AF38E3B428FC0F130089795D /* ViewModel */ = {
			isa = PBXGroup;
			children = (
				AF38E3BD28FC517F0089795D /* CartViewModel.swift */,
			);
			path = ViewModel;
			sourceTree = "<group>";
		};
		AF38E3C628FD445A0089795D /* BowlShopSwiftUI_UITests */ = {
			isa = PBXGroup;
			children = (
				AF38E3C728FD445A0089795D /* BowlShopSwiftUI_UITests.swift */,
				AF38E3C928FD445A0089795D /* BowlShopSwiftUI_UITestsLaunchTests.swift */,
				AF38E3D028FD4B5C0089795D /* CartView_UITests.swift */,
			);
			path = BowlShopSwiftUI_UITests;
			sourceTree = "<group>";
		};
		AF3E36B828F48122000AE6A8 /* Core */ = {
			isa = PBXGroup;
			children = (
				AF3E36BE28F53305000AE6A8 /* Components */,
				AF48CA09290BE4E400491ADE /* Login */,
				AF38E3B228FC0EFF0089795D /* Cart */,
				AF3E36B928F4812D000AE6A8 /* ProductDetail */,
			);
			path = Core;
			sourceTree = "<group>";
		};
		AF3E36B928F4812D000AE6A8 /* ProductDetail */ = {
			isa = PBXGroup;
			children = (
				AF3E36BB28F48144000AE6A8 /* ViewModel */,
				AF3E36BA28F4813E000AE6A8 /* View */,
			);
			path = ProductDetail;
			sourceTree = "<group>";
		};
		AF3E36BA28F4813E000AE6A8 /* View */ = {
			isa = PBXGroup;
			children = (
				AF3E36BC28F48158000AE6A8 /* ProductDetailViewOldStyle.swift */,
				AF3E36C528F6AA65000AE6A8 /* ProductDetailView.swift */,
			);
			path = View;
			sourceTree = "<group>";
		};
		AF3E36BB28F48144000AE6A8 /* ViewModel */ = {
			isa = PBXGroup;
			children = (
				AFBF9B9328FAAE61003A0E7F /* ProductDetailViewModel.swift */,
			);
			path = ViewModel;
			sourceTree = "<group>";
		};
		AF3E36BE28F53305000AE6A8 /* Components */ = {
			isa = PBXGroup;
			children = (
				AF3E36BF28F53398000AE6A8 /* PositiveButtonStyle.swift */,
				AF3E36C128F533E7000AE6A8 /* PositiveButtonModifier.swift */,
				AF38E3B928FC15A00089795D /* SectionTitleModifier.swift */,
				AF48CA11290DA00600491ADE /* SearchBarView.swift */,
			);
			path = Components;
			sourceTree = "<group>";
		};
		AF448FC228F411340012FE3E /* Shared */ = {
			isa = PBXGroup;
			children = (
				AF53CB1B290A51EB00623763 /* Managers */,
				AF289BEC28F81D24003D58A3 /* Utils */,
				AF38E3AB28FBFBBA0089795D /* Services */,
				AF448FC328F4113A0012FE3E /* Extensions */,
				AF448FC728F456FF0012FE3E /* Model */,
				AF3E36B828F48122000AE6A8 /* Core */,
			);
			path = Shared;
			sourceTree = "<group>";
		};
		AF448FC328F4113A0012FE3E /* Extensions */ = {
			isa = PBXGroup;
			children = (
				AF3E36C328F534BA000AE6A8 /* View.swift */,
				AF48CA14290DA16300491ADE /* UIApplication.swift */,
			);
			path = Extensions;
			sourceTree = "<group>";
		};
		AF448FC728F456FF0012FE3E /* Model */ = {
			isa = PBXGroup;
			children = (
				AF6AE90B290942E3001D1947 /* User */,
				AF6AE90429093F22001D1947 /* Order */,
				AF448FC828F457340012FE3E /* FoodIngredient.swift */,
				AF38E3BF28FD338B0089795D /* PaymentStatus.swift */,
				AF6AE8FA29091B61001D1947 /* ProductModel.swift */,
				AF6AE90129093987001D1947 /* DeliveryStatus.swift */,
			);
			path = Model;
			sourceTree = "<group>";
		};
		AF48CA09290BE4E400491ADE /* Login */ = {
			isa = PBXGroup;
			children = (
				AF48CA0B290BE50B00491ADE /* ViewModel */,
				AF48CA0A290BE4FE00491ADE /* Views */,
			);
			path = Login;
			sourceTree = "<group>";
		};
		AF48CA0A290BE4FE00491ADE /* Views */ = {
			isa = PBXGroup;
			children = (
				AF48CA0C290BE53000491ADE /* LoginView.swift */,
			);
			path = Views;
			sourceTree = "<group>";
		};
		AF48CA0B290BE50B00491ADE /* ViewModel */ = {
			isa = PBXGroup;
			children = (
				AF48CA0E290D190900491ADE /* LoginViewModel.swift */,
			);
			path = ViewModel;
			sourceTree = "<group>";
		};
		AF53CB162909A7AC00623763 /* EditProduct */ = {
			isa = PBXGroup;
			children = (
				AF53CB182909A7BE00623763 /* ViewModel */,
				AF53CB172909A7B900623763 /* Views */,
			);
			path = EditProduct;
			sourceTree = "<group>";
		};
		AF53CB172909A7B900623763 /* Views */ = {
			isa = PBXGroup;
			children = (
				AF53CB192909A7D500623763 /* EditProductView.swift */,
			);
			path = Views;
			sourceTree = "<group>";
		};
		AF53CB182909A7BE00623763 /* ViewModel */ = {
			isa = PBXGroup;
			children = (
			);
			path = ViewModel;
			sourceTree = "<group>";
		};
		AF53CB1B290A51EB00623763 /* Managers */ = {
			isa = PBXGroup;
			children = (
				AF53CB2A290A58B300623763 /* NetworkManager */,
			);
			path = Managers;
			sourceTree = "<group>";
		};
		AF53CB1F290A533D00623763 /* Product */ = {
			isa = PBXGroup;
			children = (
				AF38E3AC28FBFBDB0089795D /* ProductDataServiceProtocol.swift */,
				AF38E3AE28FBFBF10089795D /* ProductMockDataService.swift */,
			);
			path = Product;
			sourceTree = "<group>";
		};
		AF53CB20290A534A00623763 /* OnlineOrder */ = {
			isa = PBXGroup;
			children = (
				AF53CB24290A544C00623763 /* OnlineOrderServiceProtocol.swift */,
				AF53CB21290A536C00623763 /* OnlineOrderService.swift */,
				AF53CB2E290A5B8F00623763 /* MockOnlineOrderService.swift */,
			);
			path = OnlineOrder;
			sourceTree = "<group>";
		};
		AF53CB2A290A58B300623763 /* NetworkManager */ = {
			isa = PBXGroup;
			children = (
				AF53CB1C290A51FF00623763 /* NetworkManager.swift */,
			);
			path = NetworkManager;
			sourceTree = "<group>";
		};
		AF53CB31290A742700623763 /* RestaurantOrder */ = {
			isa = PBXGroup;
			children = (
				AF53CB32290A743D00623763 /* RestaurantOrderServiceProtocol.swift */,
				AF53CB35290A746900623763 /* MockRestaurantOrderService.swift */,
			);
			path = RestaurantOrder;
			sourceTree = "<group>";
		};
		AF6AE8E029091051001D1947 /* AdminSwiftUI_Mac */ = {
			isa = PBXGroup;
			children = (
				AF6AE8F729091597001D1947 /* Model */,
				AF6AE8EF2909108A001D1947 /* Core */,
				AF6AE8EE2909106C001D1947 /* App */,
				AF6AE8E529091052001D1947 /* Assets.xcassets */,
				AF6AE8EA29091052001D1947 /* AdminSwiftUI_Mac.entitlements */,
				AF6AE8E729091052001D1947 /* Preview Content */,
			);
			path = AdminSwiftUI_Mac;
			sourceTree = "<group>";
		};
		AF6AE8E729091052001D1947 /* Preview Content */ = {
			isa = PBXGroup;
			children = (
				AF6AE8E829091052001D1947 /* Preview Assets.xcassets */,
			);
			path = "Preview Content";
			sourceTree = "<group>";
		};
		AF6AE8EE2909106C001D1947 /* App */ = {
			isa = PBXGroup;
			children = (
				AF6AE8E129091051001D1947 /* AdminSwiftUI_MacApp.swift */,
			);
			path = App;
			sourceTree = "<group>";
		};
		AF6AE8EF2909108A001D1947 /* Core */ = {
			isa = PBXGroup;
			children = (
				AF53CB162909A7AC00623763 /* EditProduct */,
				AF6AE8F02909108E001D1947 /* Home */,
			);
			path = Core;
			sourceTree = "<group>";
		};
		AF6AE8F02909108E001D1947 /* Home */ = {
			isa = PBXGroup;
			children = (
				AF6AE8F229091098001D1947 /* ViewModel */,
				AF6AE8F129091093001D1947 /* Views */,
			);
			path = Home;
			sourceTree = "<group>";
		};
		AF6AE8F129091093001D1947 /* Views */ = {
			isa = PBXGroup;
			children = (
				AF6AE8F3290910A6001D1947 /* HomeView.swift */,
				AF6AE8F529091444001D1947 /* SideMenuView.swift */,
			);
			path = Views;
			sourceTree = "<group>";
		};
		AF6AE8F229091098001D1947 /* ViewModel */ = {
			isa = PBXGroup;
			children = (
			);
			path = ViewModel;
			sourceTree = "<group>";
		};
		AF6AE8F729091597001D1947 /* Model */ = {
			isa = PBXGroup;
			children = (
				AF6AE8F8290915B4001D1947 /* SideBarMenu.swift */,
			);
			path = Model;
			sourceTree = "<group>";
		};
		AF6AE90429093F22001D1947 /* Order */ = {
			isa = PBXGroup;
			children = (
				AF6AE8FE2909389D001D1947 /* OrderProtocol.swift */,
				AF6AE90529093F35001D1947 /* OnlineOrderModel.swift */,
				AF6AE90829093F4C001D1947 /* RestaurantOrderModel.swift */,
			);
			path = Order;
			sourceTree = "<group>";
		};
		AF6AE90B290942E3001D1947 /* User */ = {
			isa = PBXGroup;
			children = (
				AF6AE90C290942F4001D1947 /* UserModel.swift */,
				AF6AE90F29094305001D1947 /* UserAddressModel.swift */,
			);
			path = User;
			sourceTree = "<group>";
		};
		AF84B99428FDD64200851428 /* GraphQL */ = {
			isa = PBXGroup;
			children = (
				AF84B99528FDD64F00851428 /* schemaCountry.json */,
				AF84B99C28FDDAF900851428 /* queriesCountry.graphql */,
			);
			path = GraphQL;
			sourceTree = "<group>";
		};
		AF89986E28E8A74C00FE3795 = {
			isa = PBXGroup;
			children = (
				AF448FC228F411340012FE3E /* Shared */,
				AF89987928E8A74C00FE3795 /* BowlShopSwiftUI */,
				AFBF9B8B28FAAE1A003A0E7F /* BowlShopSwiftUI_Tests */,
				AF38E3C628FD445A0089795D /* BowlShopSwiftUI_UITests */,
				AF6AE8E029091051001D1947 /* AdminSwiftUI_Mac */,
				AF89987828E8A74C00FE3795 /* Products */,
			);
			sourceTree = "<group>";
		};
		AF89987828E8A74C00FE3795 /* Products */ = {
			isa = PBXGroup;
			children = (
				AF89987728E8A74C00FE3795 /* BowlShopSwiftUI.app */,
				AFBF9B8A28FAAE1A003A0E7F /* BowlShopSwiftUI_Tests.xctest */,
				AF38E3C528FD445A0089795D /* BowlShopSwiftUI_UITests.xctest */,
				AF6AE8DF29091051001D1947 /* AdminSwiftUI_Mac.app */,
			);
			name = Products;
			sourceTree = "<group>";
		};
		AF89987928E8A74C00FE3795 /* BowlShopSwiftUI */ = {
			isa = PBXGroup;
			children = (
				AFC3F95B28F7493200C36449 /* videos */,
				AF89987A28E8A74C00FE3795 /* BowlShopSwiftUIApp.swift */,
				AF89987E28E8A74D00FE3795 /* Assets.xcassets */,
				AF89988028E8A74D00FE3795 /* Preview Content */,
			);
			path = BowlShopSwiftUI;
			sourceTree = "<group>";
		};
		AF89988028E8A74D00FE3795 /* Preview Content */ = {
			isa = PBXGroup;
			children = (
				AF89988128E8A74D00FE3795 /* Preview Assets.xcassets */,
			);
			path = "Preview Content";
			sourceTree = "<group>";
		};
		AFBF9B8B28FAAE1A003A0E7F /* BowlShopSwiftUI_Tests */ = {
			isa = PBXGroup;
			children = (
				AFBF9B8C28FAAE1A003A0E7F /* BowlShopSwiftUI_Tests.swift */,
				AFBF9B9528FAAF37003A0E7F /* ProductDetailViewModel_Tests.swift */,
				AF38E3B028FC06430089795D /* ProductMockDataService_Tests.swift */,
			);
			path = BowlShopSwiftUI_Tests;
			sourceTree = "<group>";
		};
		AFC3F95B28F7493200C36449 /* videos */ = {
			isa = PBXGroup;
			children = (
				AFC3F95D28F7494E00C36449 /* video1.mp4 */,
				AFC3F95C28F7494E00C36449 /* video2.mp4 */,
			);
			path = videos;
			sourceTree = "<group>";
		};
/* End PBXGroup section */

/* Begin PBXNativeTarget section */
		AF38E3C428FD445A0089795D /* BowlShopSwiftUI_UITests */ = {
			isa = PBXNativeTarget;
			buildConfigurationList = AF38E3CD28FD445A0089795D /* Build configuration list for PBXNativeTarget "BowlShopSwiftUI_UITests" */;
			buildPhases = (
				AF38E3C128FD445A0089795D /* Sources */,
				AF38E3C228FD445A0089795D /* Frameworks */,
				AF38E3C328FD445A0089795D /* Resources */,
			);
			buildRules = (
			);
			dependencies = (
				AF38E3CC28FD445A0089795D /* PBXTargetDependency */,
			);
			name = BowlShopSwiftUI_UITests;
			productName = BowlShopSwiftUI_UITests;
			productReference = AF38E3C528FD445A0089795D /* BowlShopSwiftUI_UITests.xctest */;
			productType = "com.apple.product-type.bundle.ui-testing";
		};
		AF6AE8DE29091051001D1947 /* AdminSwiftUI_Mac */ = {
			isa = PBXNativeTarget;
			buildConfigurationList = AF6AE8ED29091052001D1947 /* Build configuration list for PBXNativeTarget "AdminSwiftUI_Mac" */;
			buildPhases = (
				AF6AE8DB29091051001D1947 /* Sources */,
				AF6AE8DC29091051001D1947 /* Frameworks */,
				AF6AE8DD29091051001D1947 /* Resources */,
			);
			buildRules = (
			);
			dependencies = (
			);
			name = AdminSwiftUI_Mac;
			productName = AdminSwiftUI_Mac;
			productReference = AF6AE8DF29091051001D1947 /* AdminSwiftUI_Mac.app */;
			productType = "com.apple.product-type.application";
		};
		AF89987628E8A74C00FE3795 /* BowlShopSwiftUI */ = {
			isa = PBXNativeTarget;
			buildConfigurationList = AF89989B28E8A74D00FE3795 /* Build configuration list for PBXNativeTarget "BowlShopSwiftUI" */;
			buildPhases = (
				AF89987328E8A74C00FE3795 /* Sources */,
				AF89987428E8A74C00FE3795 /* Frameworks */,
				AF89987528E8A74C00FE3795 /* Resources */,
			);
			buildRules = (
			);
			dependencies = (
			);
			name = BowlShopSwiftUI;
			packageProductDependencies = (
			);
			productName = BowlShopSwiftUI;
			productReference = AF89987728E8A74C00FE3795 /* BowlShopSwiftUI.app */;
			productType = "com.apple.product-type.application";
		};
		AFBF9B8928FAAE1A003A0E7F /* BowlShopSwiftUI_Tests */ = {
			isa = PBXNativeTarget;
			buildConfigurationList = AFBF9B9028FAAE1A003A0E7F /* Build configuration list for PBXNativeTarget "BowlShopSwiftUI_Tests" */;
			buildPhases = (
				AFBF9B8628FAAE1A003A0E7F /* Sources */,
				AFBF9B8728FAAE1A003A0E7F /* Frameworks */,
				AFBF9B8828FAAE1A003A0E7F /* Resources */,
			);
			buildRules = (
			);
			dependencies = (
				AFBF9B8F28FAAE1A003A0E7F /* PBXTargetDependency */,
			);
			name = BowlShopSwiftUI_Tests;
			productName = BowlShopSwiftUI_Tests;
			productReference = AFBF9B8A28FAAE1A003A0E7F /* BowlShopSwiftUI_Tests.xctest */;
			productType = "com.apple.product-type.bundle.unit-test";
		};
/* End PBXNativeTarget section */

/* Begin PBXProject section */
		AF89986F28E8A74C00FE3795 /* Project object */ = {
			isa = PBXProject;
			attributes = {
				BuildIndependentTargetsInParallel = 1;
				LastSwiftUpdateCheck = 1410;
				LastUpgradeCheck = 1400;
				TargetAttributes = {
					AF38E3C428FD445A0089795D = {
						CreatedOnToolsVersion = 14.1;
						TestTargetID = AF89987628E8A74C00FE3795;
					};
					AF6AE8DE29091051001D1947 = {
						CreatedOnToolsVersion = 14.1;
					};
					AF89987628E8A74C00FE3795 = {
						CreatedOnToolsVersion = 14.0;
					};
					AFBF9B8928FAAE1A003A0E7F = {
						CreatedOnToolsVersion = 14.1;
						TestTargetID = AF89987628E8A74C00FE3795;
					};
				};
			};
			buildConfigurationList = AF89987228E8A74C00FE3795 /* Build configuration list for PBXProject "BowlShopSwiftUI" */;
			compatibilityVersion = "Xcode 14.0";
			developmentRegion = en;
			hasScannedForEncodings = 0;
			knownRegions = (
				en,
				Base,
			);
			mainGroup = AF89986E28E8A74C00FE3795;
			packageReferences = (
			);
			productRefGroup = AF89987828E8A74C00FE3795 /* Products */;
			projectDirPath = "";
			projectRoot = "";
			targets = (
				AF89987628E8A74C00FE3795 /* BowlShopSwiftUI */,
				AFBF9B8928FAAE1A003A0E7F /* BowlShopSwiftUI_Tests */,
				AF38E3C428FD445A0089795D /* BowlShopSwiftUI_UITests */,
				AF6AE8DE29091051001D1947 /* AdminSwiftUI_Mac */,
			);
		};
/* End PBXProject section */

/* Begin PBXResourcesBuildPhase section */
		AF38E3C328FD445A0089795D /* Resources */ = {
			isa = PBXResourcesBuildPhase;
			buildActionMask = 2147483647;
			files = (
			);
			runOnlyForDeploymentPostprocessing = 0;
		};
		AF6AE8DD29091051001D1947 /* Resources */ = {
			isa = PBXResourcesBuildPhase;
			buildActionMask = 2147483647;
			files = (
				AF6AE8E929091052001D1947 /* Preview Assets.xcassets in Resources */,
				AF48CA10290D50B900491ADE /* Assets.xcassets in Resources */,
				AF6AE8E629091052001D1947 /* Assets.xcassets in Resources */,
			);
			runOnlyForDeploymentPostprocessing = 0;
		};
		AF89987528E8A74C00FE3795 /* Resources */ = {
			isa = PBXResourcesBuildPhase;
			buildActionMask = 2147483647;
			files = (
				AF84B99628FDD64F00851428 /* schemaCountry.json in Resources */,
				AF89988228E8A74D00FE3795 /* Preview Assets.xcassets in Resources */,
				AFC3F95F28F7494E00C36449 /* video1.mp4 in Resources */,
				AF89987F28E8A74D00FE3795 /* Assets.xcassets in Resources */,
				AFC3F95E28F7494E00C36449 /* video2.mp4 in Resources */,
				AF84B99D28FDDAF900851428 /* queriesCountry.graphql in Resources */,
			);
			runOnlyForDeploymentPostprocessing = 0;
		};
		AFBF9B8828FAAE1A003A0E7F /* Resources */ = {
			isa = PBXResourcesBuildPhase;
			buildActionMask = 2147483647;
			files = (
			);
			runOnlyForDeploymentPostprocessing = 0;
		};
/* End PBXResourcesBuildPhase section */

/* Begin PBXSourcesBuildPhase section */
		AF38E3C128FD445A0089795D /* Sources */ = {
			isa = PBXSourcesBuildPhase;
			buildActionMask = 2147483647;
			files = (
				AF38E3D128FD4B5C0089795D /* CartView_UITests.swift in Sources */,
				AF38E3CA28FD445A0089795D /* BowlShopSwiftUI_UITestsLaunchTests.swift in Sources */,
				AF38E3C828FD445A0089795D /* BowlShopSwiftUI_UITests.swift in Sources */,
			);
			runOnlyForDeploymentPostprocessing = 0;
		};
		AF6AE8DB29091051001D1947 /* Sources */ = {
			isa = PBXSourcesBuildPhase;
			buildActionMask = 2147483647;
			files = (
				AF48CA13290DA00600491ADE /* SearchBarView.swift in Sources */,
				AF6AE8FD29091D08001D1947 /* FoodIngredient.swift in Sources */,
				AF53CB1A2909A7D500623763 /* EditProductView.swift in Sources */,
				AF6AE8E229091051001D1947 /* AdminSwiftUI_MacApp.swift in Sources */,
				AF6AE8F629091444001D1947 /* SideMenuView.swift in Sources */,
				AF53CB30290A5B8F00623763 /* MockOnlineOrderService.swift in Sources */,
				AF6AE9002909389D001D1947 /* OrderProtocol.swift in Sources */,
				AF6AE8FC29091B61001D1947 /* ProductModel.swift in Sources */,
				AF6AE90A29093F4C001D1947 /* RestaurantOrderModel.swift in Sources */,
				AF6AE8F4290910A6001D1947 /* HomeView.swift in Sources */,
				AF53CB37290A746900623763 /* MockRestaurantOrderService.swift in Sources */,
				AF6AE90729093F35001D1947 /* OnlineOrderModel.swift in Sources */,
				AF6AE8F9290915B4001D1947 /* SideBarMenu.swift in Sources */,
				AF53CB1E290A51FF00623763 /* NetworkManager.swift in Sources */,
				AF53CB23290A536C00623763 /* OnlineOrderService.swift in Sources */,
				AF53CB34290A743D00623763 /* RestaurantOrderServiceProtocol.swift in Sources */,
				AF6AE91129094305001D1947 /* UserAddressModel.swift in Sources */,
				AF6AE90329093987001D1947 /* DeliveryStatus.swift in Sources */,
				AF53CB26290A544C00623763 /* OnlineOrderServiceProtocol.swift in Sources */,
				AF6AE90E290942F4001D1947 /* UserModel.swift in Sources */,
			);
			runOnlyForDeploymentPostprocessing = 0;
		};
		AF89987328E8A74C00FE3795 /* Sources */ = {
			isa = PBXSourcesBuildPhase;
			buildActionMask = 2147483647;
			files = (
				AF48CA15290DA16300491ADE /* UIApplication.swift in Sources */,
				AF53CB1D290A51FF00623763 /* NetworkManager.swift in Sources */,
				AF48CA0D290BE53000491ADE /* LoginView.swift in Sources */,
				AF6AE8FF2909389D001D1947 /* OrderProtocol.swift in Sources */,
				AF6AE91029094305001D1947 /* UserAddressModel.swift in Sources */,
				AF6AE90D290942F4001D1947 /* UserModel.swift in Sources */,
				AF38E3AD28FBFBDB0089795D /* ProductDataServiceProtocol.swift in Sources */,
				AF53CB22290A536C00623763 /* OnlineOrderService.swift in Sources */,
				AF38E3BC28FC199F0089795D /* CartCellView.swift in Sources */,
				AF48CA0F290D190900491ADE /* LoginViewModel.swift in Sources */,
				AF38E3BE28FC517F0089795D /* CartViewModel.swift in Sources */,
				AF38E3C028FD338B0089795D /* PaymentStatus.swift in Sources */,
				AF3E36C028F53398000AE6A8 /* PositiveButtonStyle.swift in Sources */,
				AF6AE90629093F35001D1947 /* OnlineOrderModel.swift in Sources */,
				AF3E36C628F6AA65000AE6A8 /* ProductDetailView.swift in Sources */,
				AF3E36C228F533E7000AE6A8 /* PositiveButtonModifier.swift in Sources */,
				AF53CB33290A743D00623763 /* RestaurantOrderServiceProtocol.swift in Sources */,
				AF53CB2F290A5B8F00623763 /* MockOnlineOrderService.swift in Sources */,
				AF3E36C428F534BA000AE6A8 /* View.swift in Sources */,
				AF48CA12290DA00600491ADE /* SearchBarView.swift in Sources */,
				AF38E3AF28FBFBF10089795D /* ProductMockDataService.swift in Sources */,
				AF6AE8FB29091B61001D1947 /* ProductModel.swift in Sources */,
				AF38E3B828FC0F3C0089795D /* CartView.swift in Sources */,
				AF38E3BA28FC15A00089795D /* SectionTitleModifier.swift in Sources */,
				AF448FC928F457340012FE3E /* FoodIngredient.swift in Sources */,
				AF53CB25290A544C00623763 /* OnlineOrderServiceProtocol.swift in Sources */,
				AF6AE90929093F4C001D1947 /* RestaurantOrderModel.swift in Sources */,
				AF3E36BD28F48158000AE6A8 /* ProductDetailViewOldStyle.swift in Sources */,
				AF89987B28E8A74C00FE3795 /* BowlShopSwiftUIApp.swift in Sources */,
				AFBF9B9428FAAE61003A0E7F /* ProductDetailViewModel.swift in Sources */,
				AF53CB36290A746900623763 /* MockRestaurantOrderService.swift in Sources */,
				AF6AE90229093987001D1947 /* DeliveryStatus.swift in Sources */,
			);
			runOnlyForDeploymentPostprocessing = 0;
		};
		AFBF9B8628FAAE1A003A0E7F /* Sources */ = {
			isa = PBXSourcesBuildPhase;
			buildActionMask = 2147483647;
			files = (
				AFBF9B8D28FAAE1A003A0E7F /* BowlShopSwiftUI_Tests.swift in Sources */,
				AFBF9B9628FAAF37003A0E7F /* ProductDetailViewModel_Tests.swift in Sources */,
				AF38E3B128FC06430089795D /* ProductMockDataService_Tests.swift in Sources */,
			);
			runOnlyForDeploymentPostprocessing = 0;
		};
/* End PBXSourcesBuildPhase section */

/* Begin PBXTargetDependency section */
		AF38E3CC28FD445A0089795D /* PBXTargetDependency */ = {
			isa = PBXTargetDependency;
			target = AF89987628E8A74C00FE3795 /* BowlShopSwiftUI */;
			targetProxy = AF38E3CB28FD445A0089795D /* PBXContainerItemProxy */;
		};
		AFBF9B8F28FAAE1A003A0E7F /* PBXTargetDependency */ = {
			isa = PBXTargetDependency;
			target = AF89987628E8A74C00FE3795 /* BowlShopSwiftUI */;
			targetProxy = AFBF9B8E28FAAE1A003A0E7F /* PBXContainerItemProxy */;
		};
/* End PBXTargetDependency section */

/* Begin XCBuildConfiguration section */
		AF38E3CE28FD445A0089795D /* Debug */ = {
			isa = XCBuildConfiguration;
			buildSettings = {
				CODE_SIGN_STYLE = Automatic;
				CURRENT_PROJECT_VERSION = 1;
				DEVELOPMENT_TEAM = SHP38F3EM7;
				GENERATE_INFOPLIST_FILE = YES;
				IPHONEOS_DEPLOYMENT_TARGET = 16.1;
				MARKETING_VERSION = 1.0;
				PRODUCT_BUNDLE_IDENTIFIER = "barisozgen.BowlShopSwiftUI-UITests";
				PRODUCT_NAME = "$(TARGET_NAME)";
				SWIFT_EMIT_LOC_STRINGS = NO;
				SWIFT_VERSION = 5.0;
				TARGETED_DEVICE_FAMILY = "1,2";
				TEST_TARGET_NAME = BowlShopSwiftUI;
			};
			name = Debug;
		};
		AF38E3CF28FD445A0089795D /* Release */ = {
			isa = XCBuildConfiguration;
			buildSettings = {
				CODE_SIGN_STYLE = Automatic;
				CURRENT_PROJECT_VERSION = 1;
				DEVELOPMENT_TEAM = SHP38F3EM7;
				GENERATE_INFOPLIST_FILE = YES;
				IPHONEOS_DEPLOYMENT_TARGET = 16.1;
				MARKETING_VERSION = 1.0;
				PRODUCT_BUNDLE_IDENTIFIER = "barisozgen.BowlShopSwiftUI-UITests";
				PRODUCT_NAME = "$(TARGET_NAME)";
				SWIFT_EMIT_LOC_STRINGS = NO;
				SWIFT_VERSION = 5.0;
				TARGETED_DEVICE_FAMILY = "1,2";
				TEST_TARGET_NAME = BowlShopSwiftUI;
			};
			name = Release;
		};
		AF6AE8EB29091052001D1947 /* Debug */ = {
			isa = XCBuildConfiguration;
			buildSettings = {
				ASSETCATALOG_COMPILER_APPICON_NAME = AppIcon;
				ASSETCATALOG_COMPILER_GLOBAL_ACCENT_COLOR_NAME = AccentColor;
				CODE_SIGN_ENTITLEMENTS = AdminSwiftUI_Mac/AdminSwiftUI_Mac.entitlements;
				CODE_SIGN_STYLE = Automatic;
				COMBINE_HIDPI_IMAGES = YES;
				CURRENT_PROJECT_VERSION = 1;
				DEVELOPMENT_ASSET_PATHS = "\"AdminSwiftUI_Mac/Preview Content\"";
				DEVELOPMENT_TEAM = SHP38F3EM7;
				ENABLE_HARDENED_RUNTIME = YES;
				ENABLE_PREVIEWS = YES;
				GENERATE_INFOPLIST_FILE = YES;
				INFOPLIST_KEY_NSHumanReadableCopyright = "";
				LD_RUNPATH_SEARCH_PATHS = (
					"$(inherited)",
					"@executable_path/../Frameworks",
				);
				MACOSX_DEPLOYMENT_TARGET = 13.0;
				MARKETING_VERSION = 1.0;
				PRODUCT_BUNDLE_IDENTIFIER = "barisozgen.AdminSwiftUI-Mac";
				PRODUCT_NAME = "$(TARGET_NAME)";
				SDKROOT = macosx;
				SWIFT_EMIT_LOC_STRINGS = YES;
				SWIFT_VERSION = 5.0;
			};
			name = Debug;
		};
		AF6AE8EC29091052001D1947 /* Release */ = {
			isa = XCBuildConfiguration;
			buildSettings = {
				ASSETCATALOG_COMPILER_APPICON_NAME = AppIcon;
				ASSETCATALOG_COMPILER_GLOBAL_ACCENT_COLOR_NAME = AccentColor;
				CODE_SIGN_ENTITLEMENTS = AdminSwiftUI_Mac/AdminSwiftUI_Mac.entitlements;
				CODE_SIGN_STYLE = Automatic;
				COMBINE_HIDPI_IMAGES = YES;
				CURRENT_PROJECT_VERSION = 1;
				DEVELOPMENT_ASSET_PATHS = "\"AdminSwiftUI_Mac/Preview Content\"";
				DEVELOPMENT_TEAM = SHP38F3EM7;
				ENABLE_HARDENED_RUNTIME = YES;
				ENABLE_PREVIEWS = YES;
				GENERATE_INFOPLIST_FILE = YES;
				INFOPLIST_KEY_NSHumanReadableCopyright = "";
				LD_RUNPATH_SEARCH_PATHS = (
					"$(inherited)",
					"@executable_path/../Frameworks",
				);
				MACOSX_DEPLOYMENT_TARGET = 13.0;
				MARKETING_VERSION = 1.0;
				PRODUCT_BUNDLE_IDENTIFIER = "barisozgen.AdminSwiftUI-Mac";
				PRODUCT_NAME = "$(TARGET_NAME)";
				SDKROOT = macosx;
				SWIFT_EMIT_LOC_STRINGS = YES;
				SWIFT_VERSION = 5.0;
			};
			name = Release;
		};
		AF89989928E8A74D00FE3795 /* Debug */ = {
			isa = XCBuildConfiguration;
			buildSettings = {
				ALWAYS_SEARCH_USER_PATHS = NO;
				CLANG_ANALYZER_NONNULL = YES;
				CLANG_ANALYZER_NUMBER_OBJECT_CONVERSION = YES_AGGRESSIVE;
				CLANG_CXX_LANGUAGE_STANDARD = "gnu++20";
				CLANG_ENABLE_MODULES = YES;
				CLANG_ENABLE_OBJC_ARC = YES;
				CLANG_ENABLE_OBJC_WEAK = YES;
				CLANG_WARN_BLOCK_CAPTURE_AUTORELEASING = YES;
				CLANG_WARN_BOOL_CONVERSION = YES;
				CLANG_WARN_COMMA = YES;
				CLANG_WARN_CONSTANT_CONVERSION = YES;
				CLANG_WARN_DEPRECATED_OBJC_IMPLEMENTATIONS = YES;
				CLANG_WARN_DIRECT_OBJC_ISA_USAGE = YES_ERROR;
				CLANG_WARN_DOCUMENTATION_COMMENTS = YES;
				CLANG_WARN_EMPTY_BODY = YES;
				CLANG_WARN_ENUM_CONVERSION = YES;
				CLANG_WARN_INFINITE_RECURSION = YES;
				CLANG_WARN_INT_CONVERSION = YES;
				CLANG_WARN_NON_LITERAL_NULL_CONVERSION = YES;
				CLANG_WARN_OBJC_IMPLICIT_RETAIN_SELF = YES;
				CLANG_WARN_OBJC_LITERAL_CONVERSION = YES;
				CLANG_WARN_OBJC_ROOT_CLASS = YES_ERROR;
				CLANG_WARN_QUOTED_INCLUDE_IN_FRAMEWORK_HEADER = YES;
				CLANG_WARN_RANGE_LOOP_ANALYSIS = YES;
				CLANG_WARN_STRICT_PROTOTYPES = YES;
				CLANG_WARN_SUSPICIOUS_MOVE = YES;
				CLANG_WARN_UNGUARDED_AVAILABILITY = YES_AGGRESSIVE;
				CLANG_WARN_UNREACHABLE_CODE = YES;
				CLANG_WARN__DUPLICATE_METHOD_MATCH = YES;
				COPY_PHASE_STRIP = NO;
				DEBUG_INFORMATION_FORMAT = dwarf;
				ENABLE_STRICT_OBJC_MSGSEND = YES;
				ENABLE_TESTABILITY = YES;
				GCC_C_LANGUAGE_STANDARD = gnu11;
				GCC_DYNAMIC_NO_PIC = NO;
				GCC_NO_COMMON_BLOCKS = YES;
				GCC_OPTIMIZATION_LEVEL = 0;
				GCC_PREPROCESSOR_DEFINITIONS = (
					"DEBUG=1",
					"$(inherited)",
				);
				GCC_WARN_64_TO_32_BIT_CONVERSION = YES;
				GCC_WARN_ABOUT_RETURN_TYPE = YES_ERROR;
				GCC_WARN_UNDECLARED_SELECTOR = YES;
				GCC_WARN_UNINITIALIZED_AUTOS = YES_AGGRESSIVE;
				GCC_WARN_UNUSED_FUNCTION = YES;
				GCC_WARN_UNUSED_VARIABLE = YES;
				IPHONEOS_DEPLOYMENT_TARGET = 16.0;
				MTL_ENABLE_DEBUG_INFO = INCLUDE_SOURCE;
				MTL_FAST_MATH = YES;
				ONLY_ACTIVE_ARCH = YES;
				SDKROOT = iphoneos;
				SWIFT_ACTIVE_COMPILATION_CONDITIONS = DEBUG;
				SWIFT_OPTIMIZATION_LEVEL = "-Onone";
			};
			name = Debug;
		};
		AF89989A28E8A74D00FE3795 /* Release */ = {
			isa = XCBuildConfiguration;
			buildSettings = {
				ALWAYS_SEARCH_USER_PATHS = NO;
				CLANG_ANALYZER_NONNULL = YES;
				CLANG_ANALYZER_NUMBER_OBJECT_CONVERSION = YES_AGGRESSIVE;
				CLANG_CXX_LANGUAGE_STANDARD = "gnu++20";
				CLANG_ENABLE_MODULES = YES;
				CLANG_ENABLE_OBJC_ARC = YES;
				CLANG_ENABLE_OBJC_WEAK = YES;
				CLANG_WARN_BLOCK_CAPTURE_AUTORELEASING = YES;
				CLANG_WARN_BOOL_CONVERSION = YES;
				CLANG_WARN_COMMA = YES;
				CLANG_WARN_CONSTANT_CONVERSION = YES;
				CLANG_WARN_DEPRECATED_OBJC_IMPLEMENTATIONS = YES;
				CLANG_WARN_DIRECT_OBJC_ISA_USAGE = YES_ERROR;
				CLANG_WARN_DOCUMENTATION_COMMENTS = YES;
				CLANG_WARN_EMPTY_BODY = YES;
				CLANG_WARN_ENUM_CONVERSION = YES;
				CLANG_WARN_INFINITE_RECURSION = YES;
				CLANG_WARN_INT_CONVERSION = YES;
				CLANG_WARN_NON_LITERAL_NULL_CONVERSION = YES;
				CLANG_WARN_OBJC_IMPLICIT_RETAIN_SELF = YES;
				CLANG_WARN_OBJC_LITERAL_CONVERSION = YES;
				CLANG_WARN_OBJC_ROOT_CLASS = YES_ERROR;
				CLANG_WARN_QUOTED_INCLUDE_IN_FRAMEWORK_HEADER = YES;
				CLANG_WARN_RANGE_LOOP_ANALYSIS = YES;
				CLANG_WARN_STRICT_PROTOTYPES = YES;
				CLANG_WARN_SUSPICIOUS_MOVE = YES;
				CLANG_WARN_UNGUARDED_AVAILABILITY = YES_AGGRESSIVE;
				CLANG_WARN_UNREACHABLE_CODE = YES;
				CLANG_WARN__DUPLICATE_METHOD_MATCH = YES;
				COPY_PHASE_STRIP = NO;
				DEBUG_INFORMATION_FORMAT = "dwarf-with-dsym";
				ENABLE_NS_ASSERTIONS = NO;
				ENABLE_STRICT_OBJC_MSGSEND = YES;
				GCC_C_LANGUAGE_STANDARD = gnu11;
				GCC_NO_COMMON_BLOCKS = YES;
				GCC_WARN_64_TO_32_BIT_CONVERSION = YES;
				GCC_WARN_ABOUT_RETURN_TYPE = YES_ERROR;
				GCC_WARN_UNDECLARED_SELECTOR = YES;
				GCC_WARN_UNINITIALIZED_AUTOS = YES_AGGRESSIVE;
				GCC_WARN_UNUSED_FUNCTION = YES;
				GCC_WARN_UNUSED_VARIABLE = YES;
				IPHONEOS_DEPLOYMENT_TARGET = 16.0;
				MTL_ENABLE_DEBUG_INFO = NO;
				MTL_FAST_MATH = YES;
				SDKROOT = iphoneos;
				SWIFT_COMPILATION_MODE = wholemodule;
				SWIFT_OPTIMIZATION_LEVEL = "-O";
				VALIDATE_PRODUCT = YES;
			};
			name = Release;
		};
		AF89989C28E8A74D00FE3795 /* Debug */ = {
			isa = XCBuildConfiguration;
			buildSettings = {
				ASSETCATALOG_COMPILER_APPICON_NAME = AppIcon;
				ASSETCATALOG_COMPILER_GLOBAL_ACCENT_COLOR_NAME = AccentColor;
				CODE_SIGN_STYLE = Automatic;
				CURRENT_PROJECT_VERSION = 1;
				DEVELOPMENT_ASSET_PATHS = "\"BowlShopSwiftUI/Preview Content\"";
				DEVELOPMENT_TEAM = SHP38F3EM7;
				ENABLE_PREVIEWS = YES;
				GENERATE_INFOPLIST_FILE = YES;
				INFOPLIST_KEY_UIApplicationSceneManifest_Generation = YES;
				INFOPLIST_KEY_UIApplicationSupportsIndirectInputEvents = YES;
				INFOPLIST_KEY_UILaunchScreen_Generation = YES;
				INFOPLIST_KEY_UISupportedInterfaceOrientations_iPad = "UIInterfaceOrientationPortrait UIInterfaceOrientationPortraitUpsideDown UIInterfaceOrientationLandscapeLeft UIInterfaceOrientationLandscapeRight";
				INFOPLIST_KEY_UISupportedInterfaceOrientations_iPhone = "UIInterfaceOrientationPortrait UIInterfaceOrientationLandscapeLeft UIInterfaceOrientationLandscapeRight";
				IPHONEOS_DEPLOYMENT_TARGET = 16.1;
				LD_RUNPATH_SEARCH_PATHS = (
					"$(inherited)",
					"@executable_path/Frameworks",
				);
				MARKETING_VERSION = 1.0;
				PRODUCT_BUNDLE_IDENTIFIER = barisozgen.BowlShopSwiftUI;
				PRODUCT_NAME = "$(TARGET_NAME)";
				SWIFT_EMIT_LOC_STRINGS = YES;
				SWIFT_VERSION = 5.0;
				TARGETED_DEVICE_FAMILY = "1,2";
			};
			name = Debug;
		};
		AF89989D28E8A74D00FE3795 /* Release */ = {
			isa = XCBuildConfiguration;
			buildSettings = {
				ASSETCATALOG_COMPILER_APPICON_NAME = AppIcon;
				ASSETCATALOG_COMPILER_GLOBAL_ACCENT_COLOR_NAME = AccentColor;
				CODE_SIGN_STYLE = Automatic;
				CURRENT_PROJECT_VERSION = 1;
				DEVELOPMENT_ASSET_PATHS = "\"BowlShopSwiftUI/Preview Content\"";
				DEVELOPMENT_TEAM = SHP38F3EM7;
				ENABLE_PREVIEWS = YES;
				GENERATE_INFOPLIST_FILE = YES;
				INFOPLIST_KEY_UIApplicationSceneManifest_Generation = YES;
				INFOPLIST_KEY_UIApplicationSupportsIndirectInputEvents = YES;
				INFOPLIST_KEY_UILaunchScreen_Generation = YES;
				INFOPLIST_KEY_UISupportedInterfaceOrientations_iPad = "UIInterfaceOrientationPortrait UIInterfaceOrientationPortraitUpsideDown UIInterfaceOrientationLandscapeLeft UIInterfaceOrientationLandscapeRight";
				INFOPLIST_KEY_UISupportedInterfaceOrientations_iPhone = "UIInterfaceOrientationPortrait UIInterfaceOrientationLandscapeLeft UIInterfaceOrientationLandscapeRight";
				IPHONEOS_DEPLOYMENT_TARGET = 16.1;
				LD_RUNPATH_SEARCH_PATHS = (
					"$(inherited)",
					"@executable_path/Frameworks",
				);
				MARKETING_VERSION = 1.0;
				PRODUCT_BUNDLE_IDENTIFIER = barisozgen.BowlShopSwiftUI;
				PRODUCT_NAME = "$(TARGET_NAME)";
				SWIFT_EMIT_LOC_STRINGS = YES;
				SWIFT_VERSION = 5.0;
				TARGETED_DEVICE_FAMILY = "1,2";
			};
			name = Release;
		};
		AFBF9B9128FAAE1A003A0E7F /* Debug */ = {
			isa = XCBuildConfiguration;
			buildSettings = {
				BUNDLE_LOADER = "$(TEST_HOST)";
				CODE_SIGN_STYLE = Automatic;
				CURRENT_PROJECT_VERSION = 1;
				DEVELOPMENT_TEAM = SHP38F3EM7;
				GENERATE_INFOPLIST_FILE = YES;
				IPHONEOS_DEPLOYMENT_TARGET = 16.1;
				MARKETING_VERSION = 1.0;
				PRODUCT_BUNDLE_IDENTIFIER = "barisozgen.BowlShopSwiftUI-Tests";
				PRODUCT_NAME = "$(TARGET_NAME)";
				SWIFT_EMIT_LOC_STRINGS = NO;
				SWIFT_VERSION = 5.0;
				TARGETED_DEVICE_FAMILY = "1,2";
				TEST_HOST = "$(BUILT_PRODUCTS_DIR)/BowlShopSwiftUI.app/$(BUNDLE_EXECUTABLE_FOLDER_PATH)/BowlShopSwiftUI";
			};
			name = Debug;
		};
		AFBF9B9228FAAE1A003A0E7F /* Release */ = {
			isa = XCBuildConfiguration;
			buildSettings = {
				BUNDLE_LOADER = "$(TEST_HOST)";
				CODE_SIGN_STYLE = Automatic;
				CURRENT_PROJECT_VERSION = 1;
				DEVELOPMENT_TEAM = SHP38F3EM7;
				GENERATE_INFOPLIST_FILE = YES;
				IPHONEOS_DEPLOYMENT_TARGET = 16.1;
				MARKETING_VERSION = 1.0;
				PRODUCT_BUNDLE_IDENTIFIER = "barisozgen.BowlShopSwiftUI-Tests";
				PRODUCT_NAME = "$(TARGET_NAME)";
				SWIFT_EMIT_LOC_STRINGS = NO;
				SWIFT_VERSION = 5.0;
				TARGETED_DEVICE_FAMILY = "1,2";
				TEST_HOST = "$(BUILT_PRODUCTS_DIR)/BowlShopSwiftUI.app/$(BUNDLE_EXECUTABLE_FOLDER_PATH)/BowlShopSwiftUI";
			};
			name = Release;
		};
/* End XCBuildConfiguration section */

/* Begin XCConfigurationList section */
		AF38E3CD28FD445A0089795D /* Build configuration list for PBXNativeTarget "BowlShopSwiftUI_UITests" */ = {
			isa = XCConfigurationList;
			buildConfigurations = (
				AF38E3CE28FD445A0089795D /* Debug */,
				AF38E3CF28FD445A0089795D /* Release */,
			);
			defaultConfigurationIsVisible = 0;
			defaultConfigurationName = Release;
		};
		AF6AE8ED29091052001D1947 /* Build configuration list for PBXNativeTarget "AdminSwiftUI_Mac" */ = {
			isa = XCConfigurationList;
			buildConfigurations = (
				AF6AE8EB29091052001D1947 /* Debug */,
				AF6AE8EC29091052001D1947 /* Release */,
			);
			defaultConfigurationIsVisible = 0;
			defaultConfigurationName = Release;
		};
		AF89987228E8A74C00FE3795 /* Build configuration list for PBXProject "BowlShopSwiftUI" */ = {
			isa = XCConfigurationList;
			buildConfigurations = (
				AF89989928E8A74D00FE3795 /* Debug */,
				AF89989A28E8A74D00FE3795 /* Release */,
			);
			defaultConfigurationIsVisible = 0;
			defaultConfigurationName = Release;
		};
		AF89989B28E8A74D00FE3795 /* Build configuration list for PBXNativeTarget "BowlShopSwiftUI" */ = {
			isa = XCConfigurationList;
			buildConfigurations = (
				AF89989C28E8A74D00FE3795 /* Debug */,
				AF89989D28E8A74D00FE3795 /* Release */,
			);
			defaultConfigurationIsVisible = 0;
			defaultConfigurationName = Release;
		};
		AFBF9B9028FAAE1A003A0E7F /* Build configuration list for PBXNativeTarget "BowlShopSwiftUI_Tests" */ = {
			isa = XCConfigurationList;
			buildConfigurations = (
				AFBF9B9128FAAE1A003A0E7F /* Debug */,
				AFBF9B9228FAAE1A003A0E7F /* Release */,
			);
			defaultConfigurationIsVisible = 0;
			defaultConfigurationName = Release;
		};
/* End XCConfigurationList section */
	};
	rootObject = AF89986F28E8A74C00FE3795 /* Project object */;
}
